
Microsoft Visual Studio Solution File, Format Version 12.00
# Visual Studio Version 17
VisualStudioVersion = 17.0.31912.275
MinimumVisualStudioVersion = 10.0.40219.1
Project("{FAE04EC0-301F-11D3-BF4B-00C04F79EFBC}") = "Array2DOefeningVulkanen", "Array2DOefeningVulkanen\Array2DOefeningVulkanen.csproj", "{ABB5091C-8A76-4E91-A919-217C51E270C7}"
EndProject
Global
	GlobalSection(SolutionConfigurationPlatforms) = preSolution
		Debug|Any CPU = Debug|Any CPU
		Release|Any CPU = Release|Any CPU
	EndGlobalSection
	GlobalSection(ProjectConfigurationPlatforms) = postSolution
		{ABB5091C-8A76-4E91-A919-217C51E270C7}.Debug|Any CPU.ActiveCfg = Debug|Any CPU
		{ABB5091C-8A76-4E91-A919-217C51E270C7}.Debug|Any CPU.Build.0 = Debug|Any CPU
		{ABB5091C-8A76-4E91-A919-217C51E270C7}.Release|Any CPU.ActiveCfg = Release|Any CPU
		{ABB5091C-8A76-4E91-A919-217C51E270C7}.Release|Any CPU.Build.0 = Release|Any CPU
	EndGlobalSection
	GlobalSection(SolutionProperties) = preSolution
		HideSolutionNode = FALSE
	EndGlobalSection
	GlobalSection(ExtensibilityGlobals) = postSolution
		SolutionGuid = {4943EEB5-778A-4E15-930E-0B487A61AE4D}
	EndGlobalSection
EndGlobal
